// !$*UTF8*$!
{
	archiveVersion = 1;
	classes = {
	};
	objectVersion = 56;
	objects = {

/* Begin PBXBuildFile section */
		582A18FF2BA0DE9B0050A03E /* spinFlagApp.swift in Sources */ = {isa = PBXBuildFile; fileRef = 582A18FE2BA0DE9B0050A03E /* spinFlagApp.swift */; };
		582A19012BA0DE9B0050A03E /* FlagView.swift in Sources */ = {isa = PBXBuildFile; fileRef = 582A19002BA0DE9B0050A03E /* FlagView.swift */; };
		582A19032BA0DE9C0050A03E /* Assets.xcassets in Resources */ = {isa = PBXBuildFile; fileRef = 582A19022BA0DE9C0050A03E /* Assets.xcassets */; };
		582A19062BA0DE9C0050A03E /* Preview Assets.xcassets in Resources */ = {isa = PBXBuildFile; fileRef = 582A19052BA0DE9C0050A03E /* Preview Assets.xcassets */; };
		589706582BA19A9A008C2D94 /* FlagItem.swift in Sources */ = {isa = PBXBuildFile; fileRef = 589706572BA19A9A008C2D94 /* FlagItem.swift */; };
		5897065D2BA19AF0008C2D94 /* FlagViewModel.swift in Sources */ = {isa = PBXBuildFile; fileRef = 5897065C2BA19AF0008C2D94 /* FlagViewModel.swift */; };
		5897065F2BA226A4008C2D94 /* ScrollableView.swift in Sources */ = {isa = PBXBuildFile; fileRef = 5897065E2BA226A4008C2D94 /* ScrollableView.swift */; };
/* End PBXBuildFile section */

/* Begin PBXFileReference section */
		582A18FB2BA0DE9B0050A03E /* spinFlag.app */ = {isa = PBXFileReference; explicitFileType = wrapper.application; includeInIndex = 0; path = spinFlag.app; sourceTree = BUILT_PRODUCTS_DIR; };
		582A18FE2BA0DE9B0050A03E /* spinFlagApp.swift */ = {isa = PBXFileReference; lastKnownFileType = sourcecode.swift; path = spinFlagApp.swift; sourceTree = "<group>"; };
		582A19002BA0DE9B0050A03E /* FlagView.swift */ = {isa = PBXFileReference; lastKnownFileType = sourcecode.swift; path = FlagView.swift; sourceTree = "<group>"; };
		582A19022BA0DE9C0050A03E /* Assets.xcassets */ = {isa = PBXFileReference; lastKnownFileType = folder.assetcatalog; path = Assets.xcassets; sourceTree = "<group>"; };
		582A19052BA0DE9C0050A03E /* Preview Assets.xcassets */ = {isa = PBXFileReference; lastKnownFileType = folder.assetcatalog; path = "Preview Assets.xcassets"; sourceTree = "<group>"; };
		589706572BA19A9A008C2D94 /* FlagItem.swift */ = {isa = PBXFileReference; lastKnownFileType = sourcecode.swift; path = FlagItem.swift; sourceTree = "<group>"; };
		5897065C2BA19AF0008C2D94 /* FlagViewModel.swift */ = {isa = PBXFileReference; lastKnownFileType = sourcecode.swift; path = FlagViewModel.swift; sourceTree = "<group>"; };
		5897065E2BA226A4008C2D94 /* ScrollableView.swift */ = {isa = PBXFileReference; lastKnownFileType = sourcecode.swift; path = ScrollableView.swift; sourceTree = "<group>"; };
/* End PBXFileReference section */

/* Begin PBXFrameworksBuildPhase section */
		582A18F82BA0DE9B0050A03E /* Frameworks */ = {
			isa = PBXFrameworksBuildPhase;
			buildActionMask = 2147483647;
			files = (
			);
			runOnlyForDeploymentPostprocessing = 0;
		};
/* End PBXFrameworksBuildPhase section */

/* Begin PBXGroup section */
		582A18F22BA0DE9B0050A03E = {
			isa = PBXGroup;
			children = (
				582A18FD2BA0DE9B0050A03E /* spinFlag */,
				582A18FC2BA0DE9B0050A03E /* Products */,
			);
			sourceTree = "<group>";
		};
		582A18FC2BA0DE9B0050A03E /* Products */ = {
			isa = PBXGroup;
			children = (
				582A18FB2BA0DE9B0050A03E /* spinFlag.app */,
			);
			name = Products;
			sourceTree = "<group>";
		};
		582A18FD2BA0DE9B0050A03E /* spinFlag */ = {
			isa = PBXGroup;
			children = (
				582A18FE2BA0DE9B0050A03E /* spinFlagApp.swift */,
				589706592BA19AB6008C2D94 /* Model */,
				5897065A2BA19ACA008C2D94 /* View */,
				5897065B2BA19AD2008C2D94 /* ViewModel */,
				582A19022BA0DE9C0050A03E /* Assets.xcassets */,
				582A19042BA0DE9C0050A03E /* Preview Content */,
			);
			path = spinFlag;
			sourceTree = "<group>";
		};
		582A19042BA0DE9C0050A03E /* Preview Content */ = {
			isa = PBXGroup;
			children = (
				582A19052BA0DE9C0050A03E /* Preview Assets.xcassets */,
			);
			path = "Preview Content";
			sourceTree = "<group>";
		};
		589706592BA19AB6008C2D94 /* Model */ = {
			isa = PBXGroup;
			children = (
				589706572BA19A9A008C2D94 /* FlagItem.swift */,
			);
			path = Model;
			sourceTree = "<group>";
		};
		5897065A2BA19ACA008C2D94 /* View */ = {
			isa = PBXGroup;
			children = (
				582A19002BA0DE9B0050A03E /* FlagView.swift */,
				5897065E2BA226A4008C2D94 /* ScrollableView.swift */,
			);
			path = View;
			sourceTree = "<group>";
		};
		5897065B2BA19AD2008C2D94 /* ViewModel */ = {
			isa = PBXGroup;
			children = (
				5897065C2BA19AF0008C2D94 /* FlagViewModel.swift */,
			);
			path = ViewModel;
			sourceTree = "<group>";
		};
/* End PBXGroup section */

/* Begin PBXNativeTarget section */
		582A18FA2BA0DE9B0050A03E /* spinFlag */ = {
			isa = PBXNativeTarget;
			buildConfigurationList = 582A19092BA0DE9C0050A03E /* Build configuration list for PBXNativeTarget "spinFlag" */;
			buildPhases = (
				582A18F72BA0DE9B0050A03E /* Sources */,
				582A18F82BA0DE9B0050A03E /* Frameworks */,
				582A18F92BA0DE9B0050A03E /* Resources */,
			);
			buildRules = (
			);
			dependencies = (
			);
			name = spinFlag;
			productName = spinFlag;
			productReference = 582A18FB2BA0DE9B0050A03E /* spinFlag.app */;
			productType = "com.apple.product-type.application";
		};
/* End PBXNativeTarget section */

/* Begin PBXProject section */
		582A18F32BA0DE9B0050A03E /* Project object */ = {
			isa = PBXProject;
			attributes = {
				BuildIndependentTargetsInParallel = 1;
				LastSwiftUpdateCheck = 1500;
				LastUpgradeCheck = 1500;
				TargetAttributes = {
					582A18FA2BA0DE9B0050A03E = {
						CreatedOnToolsVersion = 15.0.1;
					};
				};
			};
			buildConfigurationList = 582A18F62BA0DE9B0050A03E /* Build configuration list for PBXProject "spinFlag" */;
			compatibilityVersion = "Xcode 14.0";
			developmentRegion = en;
			hasScannedForEncodings = 0;
			knownRegions = (
				en,
				Base,
			);
			mainGroup = 582A18F22BA0DE9B0050A03E;
			productRefGroup = 582A18FC2BA0DE9B0050A03E /* Products */;
			projectDirPath = "";
			projectRoot = "";
			targets = (
				582A18FA2BA0DE9B0050A03E /* spinFlag */,
			);
		};
/* End PBXProject section */

/* Begin PBXResourcesBuildPhase section */
		582A18F92BA0DE9B0050A03E /* Resources */ = {
			isa = PBXResourcesBuildPhase;
			buildActionMask = 2147483647;
			files = (
				582A19062BA0DE9C0050A03E /* Preview Assets.xcassets in Resources */,
				582A19032BA0DE9C0050A03E /* Assets.xcassets in Resources */,
			);
			runOnlyForDeploymentPostprocessing = 0;
		};
/* End PBXResourcesBuildPhase section */

/* Begin PBXSourcesBuildPhase section */
		582A18F72BA0DE9B0050A03E /* Sources */ = {
			isa = PBXSourcesBuildPhase;
			buildActionMask = 2147483647;
			files = (
				5897065F2BA226A4008C2D94 /* ScrollableView.swift in Sources */,
				5897065D2BA19AF0008C2D94 /* FlagViewModel.swift in Sources */,
				582A19012BA0DE9B0050A03E /* FlagView.swift in Sources */,
				582A18FF2BA0DE9B0050A03E /* spinFlagApp.swift in Sources */,
				589706582BA19A9A008C2D94 /* FlagItem.swift in Sources */,
			);
			runOnlyForDeploymentPostprocessing = 0;
		};
/* End PBXSourcesBuildPhase section */

/* Begin XCBuildConfiguration section */
		582A19072BA0DE9C0050A03E /* Debug */ = {
			isa = XCBuildConfiguration;
			buildSettings = {
				ALWAYS_SEARCH_USER_PATHS = NO;
				ASSETCATALOG_COMPILER_GENERATE_SWIFT_ASSET_SYMBOL_EXTENSIONS = YES;
				CLANG_ANALYZER_NONNULL = YES;
				CLANG_ANALYZER_NUMBER_OBJECT_CONVERSION = YES_AGGRESSIVE;
				CLANG_CXX_LANGUAGE_STANDARD = "gnu++20";
				CLANG_ENABLE_MODULES = YES;
				CLANG_ENABLE_OBJC_ARC = YES;
				CLANG_ENABLE_OBJC_WEAK = YES;
				CLANG_WARN_BLOCK_CAPTURE_AUTORELEASING = YES;
				CLANG_WARN_BOOL_CONVERSION = YES;
				CLANG_WARN_COMMA = YES;
				CLANG_WARN_CONSTANT_CONVERSION = YES;
				CLANG_WARN_DEPRECATED_OBJC_IMPLEMENTATIONS = YES;
				CLANG_WARN_DIRECT_OBJC_ISA_USAGE = YES_ERROR;
				CLANG_WARN_DOCUMENTATION_COMMENTS = YES;
				CLANG_WARN_EMPTY_BODY = YES;
				CLANG_WARN_ENUM_CONVERSION = YES;
				CLANG_WARN_INFINITE_RECURSION = YES;
				CLANG_WARN_INT_CONVERSION = YES;
				CLANG_WARN_NON_LITERAL_NULL_CONVERSION = YES;
				CLANG_WARN_OBJC_IMPLICIT_RETAIN_SELF = YES;
				CLANG_WARN_OBJC_LITERAL_CONVERSION = YES;
				CLANG_WARN_OBJC_ROOT_CLASS = YES_ERROR;
				CLANG_WARN_QUOTED_INCLUDE_IN_FRAMEWORK_HEADER = YES;
				CLANG_WARN_RANGE_LOOP_ANALYSIS = YES;
				CLANG_WARN_STRICT_PROTOTYPES = YES;
				CLANG_WARN_SUSPICIOUS_MOVE = YES;
				CLANG_WARN_UNGUARDED_AVAILABILITY = YES_AGGRESSIVE;
				CLANG_WARN_UNREACHABLE_CODE = YES;
				CLANG_WARN__DUPLICATE_METHOD_MATCH = YES;
				COPY_PHASE_STRIP = NO;
				DEBUG_INFORMATION_FORMAT = dwarf;
				ENABLE_STRICT_OBJC_MSGSEND = YES;
				ENABLE_TESTABILITY = YES;
				ENABLE_USER_SCRIPT_SANDBOXING = YES;
				GCC_C_LANGUAGE_STANDARD = gnu17;
				GCC_DYNAMIC_NO_PIC = NO;
				GCC_NO_COMMON_BLOCKS = YES;
				GCC_OPTIMIZATION_LEVEL = 0;
				GCC_PREPROCESSOR_DEFINITIONS = (
					"DEBUG=1",
					"$(inherited)",
				);
				GCC_WARN_64_TO_32_BIT_CONVERSION = YES;
				GCC_WARN_ABOUT_RETURN_TYPE = YES_ERROR;
				GCC_WARN_UNDECLARED_SELECTOR = YES;
				GCC_WARN_UNINITIALIZED_AUTOS = YES_AGGRESSIVE;
				GCC_WARN_UNUSED_FUNCTION = YES;
				GCC_WARN_UNUSED_VARIABLE = YES;
				IPHONEOS_DEPLOYMENT_TARGET = 17.0;
				LOCALIZATION_PREFERS_STRING_CATALOGS = YES;
				MTL_ENABLE_DEBUG_INFO = INCLUDE_SOURCE;
				MTL_FAST_MATH = YES;
				ONLY_ACTIVE_ARCH = YES;
				SDKROOT = iphoneos;
				SWIFT_ACTIVE_COMPILATION_CONDITIONS = "DEBUG $(inherited)";
				SWIFT_OPTIMIZATION_LEVEL = "-Onone";
			};
			name = Debug;
		};
		582A19082BA0DE9C0050A03E /* Release */ = {
			isa = XCBuildConfiguration;
			buildSettings = {
				ALWAYS_SEARCH_USER_PATHS = NO;
				ASSETCATALOG_COMPILER_GENERATE_SWIFT_ASSET_SYMBOL_EXTENSIONS = YES;
				CLANG_ANALYZER_NONNULL = YES;
				CLANG_ANALYZER_NUMBER_OBJECT_CONVERSION = YES_AGGRESSIVE;
				CLANG_CXX_LANGUAGE_STANDARD = "gnu++20";
				CLANG_ENABLE_MODULES = YES;
				CLANG_ENABLE_OBJC_ARC = YES;
				CLANG_ENABLE_OBJC_WEAK = YES;
				CLANG_WARN_BLOCK_CAPTURE_AUTORELEASING = YES;
				CLANG_WARN_BOOL_CONVERSION = YES;
				CLANG_WARN_COMMA = YES;
				CLANG_WARN_CONSTANT_CONVERSION = YES;
				CLANG_WARN_DEPRECATED_OBJC_IMPLEMENTATIONS = YES;
				CLANG_WARN_DIRECT_OBJC_ISA_USAGE = YES_ERROR;
				CLANG_WARN_DOCUMENTATION_COMMENTS = YES;
				CLANG_WARN_EMPTY_BODY = YES;
				CLANG_WARN_ENUM_CONVERSION = YES;
				CLANG_WARN_INFINITE_RECURSION = YES;
				CLANG_WARN_INT_CONVERSION = YES;
				CLANG_WARN_NON_LITERAL_NULL_CONVERSION = YES;
				CLANG_WARN_OBJC_IMPLICIT_RETAIN_SELF = YES;
				CLANG_WARN_OBJC_LITERAL_CONVERSION = YES;
				CLANG_WARN_OBJC_ROOT_CLASS = YES_ERROR;
				CLANG_WARN_QUOTED_INCLUDE_IN_FRAMEWORK_HEADER = YES;
				CLANG_WARN_RANGE_LOOP_ANALYSIS = YES;
				CLANG_WARN_STRICT_PROTOTYPES = YES;
				CLANG_WARN_SUSPICIOUS_MOVE = YES;
				CLANG_WARN_UNGUARDED_AVAILABILITY = YES_AGGRESSIVE;
				CLANG_WARN_UNREACHABLE_CODE = YES;
				CLANG_WARN__DUPLICATE_METHOD_MATCH = YES;
				COPY_PHASE_STRIP = NO;
				DEBUG_INFORMATION_FORMAT = "dwarf-with-dsym";
				ENABLE_NS_ASSERTIONS = NO;
				ENABLE_STRICT_OBJC_MSGSEND = YES;
				ENABLE_USER_SCRIPT_SANDBOXING = YES;
				GCC_C_LANGUAGE_STANDARD = gnu17;
				GCC_NO_COMMON_BLOCKS = YES;
				GCC_WARN_64_TO_32_BIT_CONVERSION = YES;
				GCC_WARN_ABOUT_RETURN_TYPE = YES_ERROR;
				GCC_WARN_UNDECLARED_SELECTOR = YES;
				GCC_WARN_UNINITIALIZED_AUTOS = YES_AGGRESSIVE;
				GCC_WARN_UNUSED_FUNCTION = YES;
				GCC_WARN_UNUSED_VARIABLE = YES;
				IPHONEOS_DEPLOYMENT_TARGET = 17.0;
				LOCALIZATION_PREFERS_STRING_CATALOGS = YES;
				MTL_ENABLE_DEBUG_INFO = NO;
				MTL_FAST_MATH = YES;
				SDKROOT = iphoneos;
				SWIFT_COMPILATION_MODE = wholemodule;
				VALIDATE_PRODUCT = YES;
			};
			name = Release;
		};
		582A190A2BA0DE9C0050A03E /* Debug */ = {
			isa = XCBuildConfiguration;
			buildSettings = {
				ASSETCATALOG_COMPILER_APPICON_NAME = AppIcon;
				ASSETCATALOG_COMPILER_GLOBAL_ACCENT_COLOR_NAME = AccentColor;
				CODE_SIGN_STYLE = Automatic;
				CURRENT_PROJECT_VERSION = 1;
				DEVELOPMENT_ASSET_PATHS = "\"spinFlag/Preview Content\"";
				DEVELOPMENT_TEAM = 7H45D55DNR;
				ENABLE_PREVIEWS = YES;
				GENERATE_INFOPLIST_FILE = YES;
				INFOPLIST_KEY_UIApplicationSceneManifest_Generation = YES;
				INFOPLIST_KEY_UIApplicationSupportsIndirectInputEvents = YES;
				INFOPLIST_KEY_UILaunchScreen_Generation = YES;
				INFOPLIST_KEY_UISupportedInterfaceOrientations_iPad = "UIInterfaceOrientationPortrait UIInterfaceOrientationPortraitUpsideDown UIInterfaceOrientationLandscapeLeft UIInterfaceOrientationLandscapeRight";
				INFOPLIST_KEY_UISupportedInterfaceOrientations_iPhone = "UIInterfaceOrientationPortrait UIInterfaceOrientationLandscapeLeft UIInterfaceOrientationLandscapeRight";
				IPHONEOS_DEPLOYMENT_TARGET = 17.0;
				LD_RUNPATH_SEARCH_PATHS = (
					"$(inherited)",
					"@executable_path/Frameworks",
				);
				MARKETING_VERSION = 1.0;
				PRODUCT_BUNDLE_IDENTIFIER = Rybin.Inc.spinFlag;
				PRODUCT_NAME = "$(TARGET_NAME)";
				SWIFT_EMIT_LOC_STRINGS = YES;
				SWIFT_VERSION = 5.0;
				TARGETED_DEVICE_FAMILY = "1,2";
			};
			name = Debug;
		};
		582A190B2BA0DE9C0050A03E /* Release */ = {
			isa = XCBuildConfiguration;
			buildSettings = {
				ASSETCATALOG_COMPILER_APPICON_NAME = AppIcon;
				ASSETCATALOG_COMPILER_GLOBAL_ACCENT_COLOR_NAME = AccentColor;
				CODE_SIGN_STYLE = Automatic;
				CURRENT_PROJECT_VERSION = 1;
				DEVELOPMENT_ASSET_PATHS = "\"spinFlag/Preview Content\"";
				DEVELOPMENT_TEAM = 7H45D55DNR;
				ENABLE_PREVIEWS = YES;
				GENERATE_INFOPLIST_FILE = YES;
				INFOPLIST_KEY_UIApplicationSceneManifest_Generation = YES;
				INFOPLIST_KEY_UIApplicationSupportsIndirectInputEvents = YES;
				INFOPLIST_KEY_UILaunchScreen_Generation = YES;
				INFOPLIST_KEY_UISupportedInterfaceOrientations_iPad = "UIInterfaceOrientationPortrait UIInterfaceOrientationPortraitUpsideDown UIInterfaceOrientationLandscapeLeft UIInterfaceOrientationLandscapeRight";
				INFOPLIST_KEY_UISupportedInterfaceOrientations_iPhone = "UIInterfaceOrientationPortrait UIInterfaceOrientationLandscapeLeft UIInterfaceOrientationLandscapeRight";
				IPHONEOS_DEPLOYMENT_TARGET = 17.0;
				LD_RUNPATH_SEARCH_PATHS = (
					"$(inherited)",
					"@executable_path/Frameworks",
				);
				MARKETING_VERSION = 1.0;
				PRODUCT_BUNDLE_IDENTIFIER = Rybin.Inc.spinFlag;
				PRODUCT_NAME = "$(TARGET_NAME)";
				SWIFT_EMIT_LOC_STRINGS = YES;
				SWIFT_VERSION = 5.0;
				TARGETED_DEVICE_FAMILY = "1,2";
			};
			name = Release;
		};
/* End XCBuildConfiguration section */

/* Begin XCConfigurationList section */
		582A18F62BA0DE9B0050A03E /* Build configuration list for PBXProject "spinFlag" */ = {
			isa = XCConfigurationList;
			buildConfigurations = (
				582A19072BA0DE9C0050A03E /* Debug */,
				582A19082BA0DE9C0050A03E /* Release */,
			);
			defaultConfigurationIsVisible = 0;
			defaultConfigurationName = Release;
		};
		582A19092BA0DE9C0050A03E /* Build configuration list for PBXNativeTarget "spinFlag" */ = {
			isa = XCConfigurationList;
			buildConfigurations = (
				582A190A2BA0DE9C0050A03E /* Debug */,
				582A190B2BA0DE9C0050A03E /* Release */,
			);
			defaultConfigurationIsVisible = 0;
			defaultConfigurationName = Release;
		};
/* End XCConfigurationList section */
	};
	rootObject = 582A18F32BA0DE9B0050A03E /* Project object */;
}
